
Microsoft Visual Studio Solution File, Format Version 12.00
# Visual Studio 14
VisualStudioVersion = 14.0.25420.1
MinimumVisualStudioVersion = 10.0.40219.1
Project("{159641D6-6404-4A2A-AE62-294DE0FE8301}") = "AdventureWorksIntegration", "AdventureWorksIntegration\AdventureWorksIntegration.dtproj", "{0E00E85D-2477-49C1-9439-C49D2D8C285C}"
EndProject
Global
	GlobalSection(SolutionConfigurationPlatforms) = preSolution
		Development|Default = Development|Default
	EndGlobalSection
	GlobalSection(ProjectConfigurationPlatforms) = postSolution
		{0E00E85D-2477-49C1-9439-C49D2D8C285C}.Development|Default.ActiveCfg = Development
		{0E00E85D-2477-49C1-9439-C49D2D8C285C}.Development|Default.Build.0 = Development
	EndGlobalSection
	GlobalSection(SolutionProperties) = preSolution
		HideSolutionNode = FALSE
	EndGlobalSection
EndGlobal
